
Microsoft Visual Studio Solution File, Format Version 12.00
# Visual Studio Version 17
VisualStudioVersion = 17.11.35327.3
MinimumVisualStudioVersion = 10.0.40219.1
Project("{FAE04EC0-301F-11D3-BF4B-00C04F79EFBC}") = "OOPLab2.2.2", "OOPLab2.2.2\OOPLab2.2.2.csproj", "{E7CD98B7-A4CB-4DB6-B0E6-628206E19124}"
EndProject
Global
	GlobalSection(SolutionConfigurationPlatforms) = preSolution
		Debug|Any CPU = Debug|Any CPU
		Release|Any CPU = Release|Any CPU
	EndGlobalSection
	GlobalSection(ProjectConfigurationPlatforms) = postSolution
		{E7CD98B7-A4CB-4DB6-B0E6-628206E19124}.Debug|Any CPU.ActiveCfg = Debug|Any CPU
		{E7CD98B7-A4CB-4DB6-B0E6-628206E19124}.Debug|Any CPU.Build.0 = Debug|Any CPU
		{E7CD98B7-A4CB-4DB6-B0E6-628206E19124}.Release|Any CPU.ActiveCfg = Release|Any CPU
		{E7CD98B7-A4CB-4DB6-B0E6-628206E19124}.Release|Any CPU.Build.0 = Release|Any CPU
	EndGlobalSection
	GlobalSection(SolutionProperties) = preSolution
		HideSolutionNode = FALSE
	EndGlobalSection
	GlobalSection(ExtensibilityGlobals) = postSolution
		SolutionGuid = {F7291C5E-FC40-4A65-B1E1-94622336BCC4}
	EndGlobalSection
EndGlobal
